<?xml version="1.0" encoding="utf-8"?>
<Project ToolsVersion="4.0" xmlns="http://schemas.microsoft.com/developer/msbuild/2003">
  <ItemGroup>
    <Filter Include="gui">
      <UniqueIdentifier>{f4208d96-4b1b-4179-9929-067c22198ca3}</UniqueIdentifier>
    </Filter>
    <Filter Include="resources">
      <UniqueIdentifier>{3d485cb6-353e-426e-bbaa-42afc1e71a05}</UniqueIdentifier>
    </Filter>
    <Filter Include="resources\data">
      <UniqueIdentifier>{0f4ea532-5067-413c-9509-b9b9b62222e5}</UniqueIdentifier>
    </Filter>
    <Filter Include="eshared">
      <UniqueIdentifier>{6da6b355-fa60-497e-87bf-d5503808db1c}</UniqueIdentifier>
    </Filter>
    <Filter Include="eshared\math">
      <UniqueIdentifier>{d8bc8a78-0927-4e12-8ecd-cc03a63a0735}</UniqueIdentifier>
    </Filter>
    <Filter Include="eshared\system">
      <UniqueIdentifier>{641a5ad5-851f-4e18-b0a2-9e881b788c0b}</UniqueIdentifier>
    </Filter>
    <Filter Include="eshared\engine">
      <UniqueIdentifier>{75b5e3d1-75df-4320-a985-d138ee7f5644}</UniqueIdentifier>
    </Filter>
    <Filter Include="eshared\engine\directx">
      <UniqueIdentifier>{10b94968-626e-44bc-bcfb-a7636961c026}</UniqueIdentifier>
    </Filter>
    <Filter Include="eshared\engine\shaders">
      <UniqueIdentifier>{bc185bd3-506d-4a5c-8620-f75cf9caffee}</UniqueIdentifier>
    </Filter>
    <Filter Include="eshared\opstacking">
      <UniqueIdentifier>{47e0125e-3d93-4830-ac7b-1161263f8731}</UniqueIdentifier>
    </Filter>
    <Filter Include="qtcreated">
      <UniqueIdentifier>{6424391d-0b3f-4c5e-abd1-85d81b5e1853}</UniqueIdentifier>
    </Filter>
    <Filter Include="eshared\engine\tshader">
      <UniqueIdentifier>{2b4e8e9c-7e59-43a1-a283-f15d8dca4e29}</UniqueIdentifier>
    </Filter>
    <Filter Include="eshared\synth">
      <UniqueIdentifier>{b74baf63-1f28-4e66-9a5d-fa25d194f3c6}</UniqueIdentifier>
    </Filter>
    <Filter Include="eshared\synth\directx">
      <UniqueIdentifier>{7079a137-8c3d-454e-a0c0-637bb7b00373}</UniqueIdentifier>
    </Filter>
    <Filter Include="eshared\modules">
      <UniqueIdentifier>{5cdea2a7-d663-4cdb-b1ea-da1407298615}</UniqueIdentifier>
    </Filter>
    <Filter Include="eshared\modules\lsystem">
      <UniqueIdentifier>{91f57798-3f28-4796-a399-bcc5c508d21b}</UniqueIdentifier>
    </Filter>
  </ItemGroup>
  <ItemGroup>
    <ClCompile Include="gui\addopdlg.cpp">
      <Filter>gui</Filter>
    </ClCompile>
    <ClCompile Include="gui\findopdlg.cpp">
      <Filter>gui</Filter>
    </ClCompile>
    <ClCompile Include="gui\guioperator.cpp">
      <Filter>gui</Filter>
    </ClCompile>
    <ClCompile Include="gui\guioppage.cpp">
      <Filter>gui</Filter>
    </ClCompile>
    <ClCompile Include="gui\mainwnd.cpp">
      <Filter>gui</Filter>
    </ClCompile>
    <ClCompile Include="gui\pagetree.cpp">
      <Filter>gui</Filter>
    </ClCompile>
    <ClCompile Include="gui\pageview.cpp">
      <Filter>gui</Filter>
    </ClCompile>
    <ClCompile Include="gui\paramframe.cpp">
      <Filter>gui</Filter>
    </ClCompile>
    <ClCompile Include="gui\paramwidgets.cpp">
      <Filter>gui</Filter>
    </ClCompile>
    <ClCompile Include="gui\pathview.cpp">
      <Filter>gui</Filter>
    </ClCompile>
    <ClCompile Include="gui\renderview.cpp">
      <Filter>gui</Filter>
    </ClCompile>
    <ClCompile Include="gui\timelineview.cpp">
      <Filter>gui</Filter>
    </ClCompile>
    <ClCompile Include="..\eshared\math\matrix4x4.cpp">
      <Filter>eshared\math</Filter>
    </ClCompile>
    <ClCompile Include="..\eshared\math\quat.cpp">
      <Filter>eshared\math</Filter>
    </ClCompile>
    <ClCompile Include="..\eshared\math\vector2.cpp">
      <Filter>eshared\math</Filter>
    </ClCompile>
    <ClCompile Include="..\eshared\math\vector3.cpp">
      <Filter>eshared\math</Filter>
    </ClCompile>
    <ClCompile Include="..\eshared\system\array.cpp">
      <Filter>eshared\system</Filter>
    </ClCompile>
    <ClCompile Include="..\eshared\system\color.cpp">
      <Filter>eshared\system</Filter>
    </ClCompile>
    <ClCompile Include="..\eshared\system\hashmap.cpp">
      <Filter>eshared\system</Filter>
    </ClCompile>
    <ClCompile Include="..\eshared\system\profiler.cpp">
      <Filter>eshared\system</Filter>
    </ClCompile>
    <ClCompile Include="..\eshared\system\runtime.cpp">
      <Filter>eshared\system</Filter>
    </ClCompile>
    <ClCompile Include="..\eshared\system\timer.cpp">
      <Filter>eshared\system</Filter>
    </ClCompile>
    <ClCompile Include="..\eshared\engine\camera.cpp">
      <Filter>eshared\engine</Filter>
    </ClCompile>
    <ClCompile Include="..\eshared\engine\deferredrenderer.cpp">
      <Filter>eshared\engine</Filter>
    </ClCompile>
    <ClCompile Include="..\eshared\engine\editmesh.cpp">
      <Filter>eshared\engine</Filter>
    </ClCompile>
    <ClCompile Include="..\eshared\engine\effect.cpp">
      <Filter>eshared\engine</Filter>
    </ClCompile>
    <ClCompile Include="..\eshared\engine\geometry.cpp">
      <Filter>eshared\engine</Filter>
    </ClCompile>
    <ClCompile Include="..\eshared\engine\irenderer.cpp">
      <Filter>eshared\engine</Filter>
    </ClCompile>
    <ClCompile Include="..\eshared\engine\iresource.cpp">
      <Filter>eshared\engine</Filter>
    </ClCompile>
    <ClCompile Include="..\eshared\engine\material.cpp">
      <Filter>eshared\engine</Filter>
    </ClCompile>
    <ClCompile Include="..\eshared\engine\mesh.cpp">
      <Filter>eshared\engine</Filter>
    </ClCompile>
    <ClCompile Include="..\eshared\engine\particlesys.cpp">
      <Filter>eshared\engine</Filter>
    </ClCompile>
    <ClCompile Include="..\eshared\engine\path.cpp">
      <Filter>eshared\engine</Filter>
    </ClCompile>
    <ClCompile Include="..\eshared\engine\renderjob.cpp">
      <Filter>eshared\engine</Filter>
    </ClCompile>
    <ClCompile Include="..\eshared\engine\resourcemgr.cpp">
      <Filter>eshared\engine</Filter>
    </ClCompile>
    <ClCompile Include="..\eshared\engine\sequencer.cpp">
      <Filter>eshared\engine</Filter>
    </ClCompile>
    <ClCompile Include="..\eshared\engine\shadermgr.cpp">
      <Filter>eshared\engine</Filter>
    </ClCompile>
    <ClCompile Include="..\eshared\engine\statemgr.cpp">
      <Filter>eshared\engine</Filter>
    </ClCompile>
    <ClCompile Include="..\eshared\engine\directx\buffersdx9.cpp">
      <Filter>eshared\engine\directx</Filter>
    </ClCompile>
    <ClCompile Include="..\eshared\engine\directx\graphicsapidx9.cpp">
      <Filter>eshared\engine\directx</Filter>
    </ClCompile>
    <ClCompile Include="..\eshared\engine\directx\shadersdx9.cpp">
      <Filter>eshared\engine\directx</Filter>
    </ClCompile>
    <ClCompile Include="..\eshared\engine\directx\texturesdx9.cpp">
      <Filter>eshared\engine\directx</Filter>
    </ClCompile>
    <ClCompile Include="..\eshared\opstacking\bitmapops.cpp">
      <Filter>eshared\opstacking</Filter>
    </ClCompile>
    <ClCompile Include="..\eshared\opstacking\demo.cpp">
      <Filter>eshared\opstacking</Filter>
    </ClCompile>
    <ClCompile Include="..\eshared\opstacking\demoscript.cpp">
      <Filter>eshared\opstacking</Filter>
    </ClCompile>
    <ClCompile Include="..\eshared\opstacking\ioperator.cpp">
      <Filter>eshared\opstacking</Filter>
    </ClCompile>
    <ClCompile Include="..\eshared\opstacking\meshops.cpp">
      <Filter>eshared\opstacking</Filter>
    </ClCompile>
    <ClCompile Include="..\eshared\opstacking\miscops.cpp">
      <Filter>eshared\opstacking</Filter>
    </ClCompile>
    <ClCompile Include="..\eshared\opstacking\modelops.cpp">
      <Filter>eshared\opstacking</Filter>
    </ClCompile>
    <ClCompile Include="..\eshared\opstacking\oppage.cpp">
      <Filter>eshared\opstacking</Filter>
    </ClCompile>
    <ClCompile Include="..\eshared\opstacking\parameter.cpp">
      <Filter>eshared\opstacking</Filter>
    </ClCompile>
    <ClCompile Include="..\eshared\opstacking\pathops.cpp">
      <Filter>eshared\opstacking</Filter>
    </ClCompile>
    <ClCompile Include="..\eshared\opstacking\sequencerops.cpp">
      <Filter>eshared\opstacking</Filter>
    </ClCompile>
    <ClCompile Include="gui\moc_addopdlg.cpp">
      <Filter>qtcreated</Filter>
    </ClCompile>
    <ClCompile Include="gui\moc_findopdlg.cpp">
      <Filter>qtcreated</Filter>
    </ClCompile>
    <ClCompile Include="gui\moc_mainwnd.cpp">
      <Filter>qtcreated</Filter>
    </ClCompile>
    <ClCompile Include="gui\moc_pagetree.cpp">
      <Filter>qtcreated</Filter>
    </ClCompile>
    <ClCompile Include="gui\moc_pageview.cpp">
      <Filter>qtcreated</Filter>
    </ClCompile>
    <ClCompile Include="gui\moc_paramframe.cpp">
      <Filter>qtcreated</Filter>
    </ClCompile>
    <ClCompile Include="gui\moc_paramwidgets.cpp">
      <Filter>qtcreated</Filter>
    </ClCompile>
    <ClCompile Include="gui\moc_pathview.cpp">
      <Filter>qtcreated</Filter>
    </ClCompile>
    <ClCompile Include="gui\moc_renderview.cpp">
      <Filter>qtcreated</Filter>
    </ClCompile>
    <ClCompile Include="gui\moc_timelineview.cpp">
      <Filter>qtcreated</Filter>
    </ClCompile>
    <ClCompile Include="resources\qrc_resource.cpp">
      <Filter>qtcreated</Filter>
    </ClCompile>
    <ClCompile Include="estudio3.cpp" />
    <ClCompile Include="..\eshared\engine\tshader\tshader.cpp">
      <Filter>eshared\engine\tshader</Filter>
    </ClCompile>
    <ClCompile Include="gui\patterneditor.cpp">
      <Filter>gui</Filter>
    </ClCompile>
    <ClCompile Include="gui\trackerseqview.cpp">
      <Filter>gui</Filter>
    </ClCompile>
    <ClCompile Include="gui\demoseqitem.cpp">
      <Filter>gui</Filter>
    </ClCompile>
    <ClCompile Include="gui\demoseqview.cpp">
      <Filter>gui</Filter>
    </ClCompile>
    <ClCompile Include="gui\trackerseqitem.cpp">
      <Filter>gui</Filter>
    </ClCompile>
    <ClCompile Include="gui\moc_demoseqview.cpp">
      <Filter>qtcreated</Filter>
    </ClCompile>
    <ClCompile Include="..\eshared\synth\tf_addsynth.cpp">
      <Filter>eshared\synth</Filter>
    </ClCompile>
    <ClCompile Include="..\eshared\synth\tf_adsr.cpp">
      <Filter>eshared\synth</Filter>
    </ClCompile>
    <ClCompile Include="..\eshared\synth\tf_filter.cpp">
      <Filter>eshared\synth</Filter>
    </ClCompile>
    <ClCompile Include="..\eshared\synth\tf_ieffect.cpp">
      <Filter>eshared\synth</Filter>
    </ClCompile>
    <ClCompile Include="..\eshared\synth\tf_instrument.cpp">
      <Filter>eshared\synth</Filter>
    </ClCompile>
    <ClCompile Include="..\eshared\synth\tf_lfo.cpp">
      <Filter>eshared\synth</Filter>
    </ClCompile>
    <ClCompile Include="..\eshared\synth\tf_modmatrix.cpp">
      <Filter>eshared\synth</Filter>
    </ClCompile>
    <ClCompile Include="..\eshared\synth\tf_noise.cpp">
      <Filter>eshared\synth</Filter>
    </ClCompile>
    <ClCompile Include="..\eshared\synth\tf_oscillator.cpp">
      <Filter>eshared\synth</Filter>
    </ClCompile>
    <ClCompile Include="..\eshared\synth\tf_song.cpp">
      <Filter>eshared\synth</Filter>
    </ClCompile>
    <ClCompile Include="..\eshared\synth\tf_player.cpp">
      <Filter>eshared\synth</Filter>
    </ClCompile>
    <ClCompile Include="gui\moc_trackerseqview.cpp">
      <Filter>qtcreated</Filter>
    </ClCompile>
    <ClCompile Include="..\eshared\synth\directx\tf_soundoutdx8.cpp">
      <Filter>eshared\synth\directx</Filter>
    </ClCompile>
    <ClCompile Include="gui\songlist.cpp">
      <Filter>gui</Filter>
    </ClCompile>
    <ClCompile Include="gui\moc_songlist.cpp">
      <Filter>qtcreated</Filter>
    </ClCompile>
    <ClCompile Include="..\eshared\system\threading.cpp">
      <Filter>eshared\system</Filter>
    </ClCompile>
    <ClCompile Include="gui\moc_patterneditor.cpp">
      <Filter>qtcreated</Filter>
    </ClCompile>
    <ClCompile Include="gui\instrumentlist.cpp">
      <Filter>gui</Filter>
    </ClCompile>
    <ClCompile Include="gui\moc_instrumentlist.cpp">
      <Filter>qtcreated</Filter>
    </ClCompile>
    <ClCompile Include="..\eshared\engine\tshader\tscompiler.cpp">
      <Filter>eshared\engine\tshader</Filter>
    </ClCompile>
    <ClCompile Include="..\eshared\system\file.cpp">
      <Filter>eshared\system</Filter>
    </ClCompile>
    <ClCompile Include="..\eshared\engine\stablefluids.cpp">
      <Filter>eshared\engine</Filter>
    </ClCompile>
    <ClCompile Include="..\eshared\opstacking\effectops.cpp">
      <Filter>eshared\opstacking</Filter>
    </ClCompile>
    <ClCompile Include="..\eshared\opstacking\demodata.cpp">
      <Filter>eshared\opstacking</Filter>
    </ClCompile>
    <ClCompile Include="..\eshared\system\datastream.cpp">
      <Filter>eshared\system</Filter>
    </ClCompile>
    <ClCompile Include="..\eshared\synth\tf_functions.cpp">
      <Filter>eshared\synth</Filter>
    </ClCompile>
    <ClCompile Include="..\eshared\opstacking\opinput.cpp">
      <Filter>eshared\opstacking</Filter>
    </ClCompile>
    <ClCompile Include="..\eshared\modules\lsystem\lsystem.cpp">
      <Filter>eshared\modules\lsystem</Filter>
    </ClCompile>
    <ClCompile Include="..\eshared\system\string.cpp">
      <Filter>eshared\system</Filter>
    </ClCompile>
    <ClCompile Include="gui\scopesview.cpp">
      <Filter>gui</Filter>
    </ClCompile>
    <ClCompile Include="gui\moc_scopesview.cpp">
      <Filter>qtcreated</Filter>
    </ClCompile>
    <ClCompile Include="..\eshared\engine\light.cpp">
      <Filter>eshared\engine</Filter>
    </ClCompile>
    <ClCompile Include="..\eshared\engine\engine.cpp">
      <Filter>eshared\engine</Filter>
    </ClCompile>
    <ClCompile Include="..\tfvst3\vsti\tfdial.cpp">
      <Filter>gui</Filter>
    </ClCompile>
    <ClCompile Include="..\tfvst3\vsti\tfsplineeditor.cpp">
      <Filter>gui</Filter>
    </ClCompile>
    <ClCompile Include="..\tfvst3\vsti\moc_tfdial.cpp">
      <Filter>qtcreated</Filter>
    </ClCompile>
    <ClCompile Include="..\tfvst3\vsti\moc_tfsplineeditor.cpp">
      <Filter>qtcreated</Filter>
    </ClCompile>
    <ClCompile Include="..\eshared\engine\kdtree.cpp">
      <Filter>eshared\engine</Filter>
    </ClCompile>
    <ClCompile Include="..\eshared\engine\scene.cpp">
      <Filter>eshared\engine</Filter>
    </ClCompile>
    <ClCompile Include="..\eshared\engine\scenedata.cpp">
      <Filter>eshared\engine</Filter>
    </ClCompile>
    <ClCompile Include="gui\profgraphview.cpp">
      <Filter>gui</Filter>
    </ClCompile>
    <ClCompile Include="..\eshared\modules\lsystem\lsystemops.cpp">
      <Filter>eshared\modules\lsystem</Filter>
    </ClCompile>
    <ClCompile Include="..\eshared\engine\tshader\machinecodegen.cpp">
      <Filter>eshared\engine\tshader</Filter>
    </ClCompile>
    <ClCompile Include="..\eshared\math\vector4.cpp">
      <Filter>eshared\math</Filter>
    </ClCompile>
    <ClCompile Include="..\eshared\math\aabb.cpp">
      <Filter>eshared\math</Filter>
    </ClCompile>
  </ItemGroup>
  <ItemGroup>
    <ClInclude Include="resources\resource.h">
      <Filter>resources</Filter>
    </ClInclude>
    <ClInclude Include="..\eshared\eshared.hpp">
      <Filter>eshared</Filter>
    </ClInclude>
    <ClInclude Include="..\eshared\math\aabb.hpp">
      <Filter>eshared\math</Filter>
    </ClInclude>
    <ClInclude Include="..\eshared\math\math.hpp">
      <Filter>eshared\math</Filter>
    </ClInclude>
    <ClInclude Include="..\eshared\math\matrix4x4.hpp">
      <Filter>eshared\math</Filter>
    </ClInclude>
    <ClInclude Include="..\eshared\math\plane.hpp">
      <Filter>eshared\math</Filter>
    </ClInclude>
    <ClInclude Include="..\eshared\math\quat.hpp">
      <Filter>eshared\math</Filter>
    </ClInclude>
    <ClInclude Include="..\eshared\math\vector2.hpp">
      <Filter>eshared\math</Filter>
    </ClInclude>
    <ClInclude Include="..\eshared\math\vector3.hpp">
      <Filter>eshared\math</Filter>
    </ClInclude>
    <ClInclude Include="..\eshared\math\vector4.hpp">
      <Filter>eshared\math</Filter>
    </ClInclude>
    <ClInclude Include="..\eshared\system\array.hpp">
      <Filter>eshared\system</Filter>
    </ClInclude>
    <ClInclude Include="..\eshared\system\color.hpp">
      <Filter>eshared\system</Filter>
    </ClInclude>
    <ClInclude Include="..\eshared\system\factory.hpp">
      <Filter>eshared\system</Filter>
    </ClInclude>
    <ClInclude Include="..\eshared\system\hashmap.hpp">
      <Filter>eshared\system</Filter>
    </ClInclude>
    <ClInclude Include="..\eshared\system\profiler.hpp">
      <Filter>eshared\system</Filter>
    </ClInclude>
    <ClInclude Include="..\eshared\system\runtime.hpp">
      <Filter>eshared\system</Filter>
    </ClInclude>
    <ClInclude Include="..\eshared\system\singleton.hpp">
      <Filter>eshared\system</Filter>
    </ClInclude>
    <ClInclude Include="..\eshared\system\system.hpp">
      <Filter>eshared\system</Filter>
    </ClInclude>
    <ClInclude Include="..\eshared\system\timer.hpp">
      <Filter>eshared\system</Filter>
    </ClInclude>
    <ClInclude Include="..\eshared\engine\camera.hpp">
      <Filter>eshared\engine</Filter>
    </ClInclude>
    <ClInclude Include="..\eshared\engine\deferredrenderer.hpp">
      <Filter>eshared\engine</Filter>
    </ClInclude>
    <ClInclude Include="..\eshared\engine\editmesh.hpp">
      <Filter>eshared\engine</Filter>
    </ClInclude>
    <ClInclude Include="..\eshared\engine\effect.hpp">
      <Filter>eshared\engine</Filter>
    </ClInclude>
    <ClInclude Include="..\eshared\engine\engine.hpp">
      <Filter>eshared\engine</Filter>
    </ClInclude>
    <ClInclude Include="..\eshared\engine\geometry.hpp">
      <Filter>eshared\engine</Filter>
    </ClInclude>
    <ClInclude Include="..\eshared\engine\irenderer.hpp">
      <Filter>eshared\engine</Filter>
    </ClInclude>
    <ClInclude Include="..\eshared\engine\iresource.hpp">
      <Filter>eshared\engine</Filter>
    </ClInclude>
    <ClInclude Include="..\eshared\engine\material.hpp">
      <Filter>eshared\engine</Filter>
    </ClInclude>
    <ClInclude Include="..\eshared\engine\mesh.hpp">
      <Filter>eshared\engine</Filter>
    </ClInclude>
    <ClInclude Include="..\eshared\engine\particlesys.hpp">
      <Filter>eshared\engine</Filter>
    </ClInclude>
    <ClInclude Include="..\eshared\engine\path.hpp">
      <Filter>eshared\engine</Filter>
    </ClInclude>
    <ClInclude Include="..\eshared\engine\renderjob.hpp">
      <Filter>eshared\engine</Filter>
    </ClInclude>
    <ClInclude Include="..\eshared\engine\resourcemgr.hpp">
      <Filter>eshared\engine</Filter>
    </ClInclude>
    <ClInclude Include="..\eshared\engine\sequencer.hpp">
      <Filter>eshared\engine</Filter>
    </ClInclude>
    <ClInclude Include="..\eshared\engine\shadermgr.hpp">
      <Filter>eshared\engine</Filter>
    </ClInclude>
    <ClInclude Include="..\eshared\engine\statemgr.hpp">
      <Filter>eshared\engine</Filter>
    </ClInclude>
    <ClInclude Include="..\eshared\engine\vertex.hpp">
      <Filter>eshared\engine</Filter>
    </ClInclude>
    <ClInclude Include="..\eshared\engine\directx\buffersdx9.hpp">
      <Filter>eshared\engine\directx</Filter>
    </ClInclude>
    <ClInclude Include="..\eshared\engine\directx\graphicsapidx9.hpp">
      <Filter>eshared\engine\directx</Filter>
    </ClInclude>
    <ClInclude Include="..\eshared\engine\directx\shadersdx9.hpp">
      <Filter>eshared\engine\directx</Filter>
    </ClInclude>
    <ClInclude Include="..\eshared\engine\directx\texturesdx9.hpp">
      <Filter>eshared\engine\directx</Filter>
    </ClInclude>
    <ClInclude Include="..\eshared\opstacking\bitmapops.hpp">
      <Filter>eshared\opstacking</Filter>
    </ClInclude>
    <ClInclude Include="..\eshared\opstacking\demo.hpp">
      <Filter>eshared\opstacking</Filter>
    </ClInclude>
    <ClInclude Include="..\eshared\opstacking\demoscript.hpp">
      <Filter>eshared\opstacking</Filter>
    </ClInclude>
    <ClInclude Include="..\eshared\opstacking\ioperator.hpp">
      <Filter>eshared\opstacking</Filter>
    </ClInclude>
    <ClInclude Include="..\eshared\opstacking\meshops.hpp">
      <Filter>eshared\opstacking</Filter>
    </ClInclude>
    <ClInclude Include="..\eshared\opstacking\miscops.hpp">
      <Filter>eshared\opstacking</Filter>
    </ClInclude>
    <ClInclude Include="..\eshared\opstacking\modelops.hpp">
      <Filter>eshared\opstacking</Filter>
    </ClInclude>
    <ClInclude Include="..\eshared\opstacking\opmacros.hpp">
      <Filter>eshared\opstacking</Filter>
    </ClInclude>
    <ClInclude Include="..\eshared\opstacking\oppage.hpp">
      <Filter>eshared\opstacking</Filter>
    </ClInclude>
    <ClInclude Include="..\eshared\opstacking\opstacking.hpp">
      <Filter>eshared\opstacking</Filter>
    </ClInclude>
    <ClInclude Include="..\eshared\opstacking\parameter.hpp">
      <Filter>eshared\opstacking</Filter>
    </ClInclude>
    <ClInclude Include="..\eshared\opstacking\pathops.hpp">
      <Filter>eshared\opstacking</Filter>
    </ClInclude>
    <ClInclude Include="..\eshared\opstacking\sequencerops.hpp">
      <Filter>eshared\opstacking</Filter>
    </ClInclude>
    <ClInclude Include="..\configinfo.hpp" />
    <ClInclude Include="..\eshared\engine\tshader\tscompiler.hpp">
      <Filter>eshared\engine\tshader</Filter>
    </ClInclude>
    <ClInclude Include="..\eshared\engine\tshader\tshader.hpp">
      <Filter>eshared\engine\tshader</Filter>
    </ClInclude>
    <ClInclude Include="gui\ui_findopdlg.hpp">
      <Filter>qtcreated</Filter>
    </ClInclude>
    <ClInclude Include="gui\ui_mainwnd.hpp">
      <Filter>qtcreated</Filter>
    </ClInclude>
    <ClInclude Include="gui\trackerseqitem.hpp">
      <Filter>gui</Filter>
    </ClInclude>
    <ClInclude Include="gui\demoseqitem.hpp">
      <Filter>gui</Filter>
    </ClInclude>
    <ClInclude Include="..\eshared\synth\tf_addsynth.hpp">
      <Filter>eshared\synth</Filter>
    </ClInclude>
    <ClInclude Include="..\eshared\synth\tf_adsr.hpp">
      <Filter>eshared\synth</Filter>
    </ClInclude>
    <ClInclude Include="..\eshared\synth\tf_filter.hpp">
      <Filter>eshared\synth</Filter>
    </ClInclude>
    <ClInclude Include="..\eshared\synth\tf_ieffect.hpp">
      <Filter>eshared\synth</Filter>
    </ClInclude>
    <ClInclude Include="..\eshared\synth\tf_instrument.hpp">
      <Filter>eshared\synth</Filter>
    </ClInclude>
    <ClInclude Include="..\eshared\synth\tf_lfo.hpp">
      <Filter>eshared\synth</Filter>
    </ClInclude>
    <ClInclude Include="..\eshared\synth\tf_modmatrix.hpp">
      <Filter>eshared\synth</Filter>
    </ClInclude>
    <ClInclude Include="..\eshared\synth\tf_noise.hpp">
      <Filter>eshared\synth</Filter>
    </ClInclude>
    <ClInclude Include="..\eshared\synth\tf_oscillator.hpp">
      <Filter>eshared\synth</Filter>
    </ClInclude>
    <ClInclude Include="..\eshared\synth\tf_song.hpp">
      <Filter>eshared\synth</Filter>
    </ClInclude>
    <ClInclude Include="..\eshared\synth\tunefish3.hpp">
      <Filter>eshared\synth</Filter>
    </ClInclude>
    <ClInclude Include="..\eshared\synth\tf_player.hpp">
      <Filter>eshared\synth</Filter>
    </ClInclude>
    <ClInclude Include="..\eshared\synth\directx\tf_soundoutdx8.hpp">
      <Filter>eshared\synth\directx</Filter>
    </ClInclude>
    <ClInclude Include="..\eshared\synth\tf_isoundout.hpp">
      <Filter>eshared\synth</Filter>
    </ClInclude>
    <ClInclude Include="..\eshared\system\types.hpp">
      <Filter>eshared\system</Filter>
    </ClInclude>
    <ClInclude Include="..\eshared\system\threading.hpp">
      <Filter>eshared\system</Filter>
    </ClInclude>
    <ClInclude Include="..\eshared\system\point.hpp">
      <Filter>eshared\system</Filter>
    </ClInclude>
    <ClInclude Include="..\eshared\system\rect.hpp">
      <Filter>eshared\system</Filter>
    </ClInclude>
    <ClInclude Include="..\eshared\system\file.hpp">
      <Filter>eshared\system</Filter>
    </ClInclude>
    <ClInclude Include="..\eshared\engine\stablefluids.hpp">
      <Filter>eshared\engine</Filter>
    </ClInclude>
    <ClInclude Include="..\eshared\math\ray.hpp">
      <Filter>eshared\math</Filter>
    </ClInclude>
    <ClInclude Include="..\eshared\engine\scene.hpp">
      <Filter>eshared\engine</Filter>
    </ClInclude>
    <ClInclude Include="..\eshared\opstacking\effectops.hpp">
      <Filter>eshared\opstacking</Filter>
    </ClInclude>
    <ClInclude Include="..\eshared\opstacking\demodata.hpp">
      <Filter>eshared\opstacking</Filter>
    </ClInclude>
    <ClInclude Include="..\eshared\system\datastream.hpp">
      <Filter>eshared\system</Filter>
    </ClInclude>
    <ClInclude Include="..\eshared\synth\tf_functions.hpp">
      <Filter>eshared\synth</Filter>
    </ClInclude>
    <ClInclude Include="..\eshared\system\string.hpp">
      <Filter>eshared\system</Filter>
    </ClInclude>
    <ClInclude Include="..\eshared\opstacking\opinput.hpp">
      <Filter>eshared\opstacking</Filter>
    </ClInclude>
    <ClInclude Include="..\eshared\modules\lsystem\lsystem.hpp">
      <Filter>eshared\modules\lsystem</Filter>
    </ClInclude>
    <ClInclude Include="..\eshared\engine\light.hpp">
      <Filter>eshared\engine</Filter>
    </ClInclude>
    <ClInclude Include="..\eshared\engine\shaders\shaders.hpp">
      <Filter>eshared\engine\shaders</Filter>
    </ClInclude>
    <ClInclude Include="..\eshared\engine\kdtree.hpp">
      <Filter>eshared\engine</Filter>
    </ClInclude>
    <ClInclude Include="..\eshared\engine\irenderable.hpp">
      <Filter>eshared\engine</Filter>
    </ClInclude>
    <ClInclude Include="..\eshared\engine\scenedata.hpp">
      <Filter>eshared\engine</Filter>
    </ClInclude>
    <ClInclude Include="gui\profgraphview.hpp">
      <Filter>gui</Filter>
    </ClInclude>
    <ClInclude Include="..\eshared\engine\tshader\machinecodegen.hpp">
      <Filter>eshared\engine\tshader</Filter>
    </ClInclude>
  </ItemGroup>
  <ItemGroup>
    <Qt_User_Interface_Compiler Include="gui\findopdlg.ui">
      <Filter>gui</Filter>
    </Qt_User_Interface_Compiler>
    <Qt_User_Interface_Compiler Include="gui\mainwnd.ui">
      <Filter>gui</Filter>
    </Qt_User_Interface_Compiler>
  </ItemGroup>
  <ItemGroup>
    <Qt_Resource_Compiler Include="resources\resource.qrc">
      <Filter>resources</Filter>
    </Qt_Resource_Compiler>
  </ItemGroup>
  <ItemGroup>
    <ResourceCompile Include="resources\resource.rc">
      <Filter>resources</Filter>
    </ResourceCompile>
  </ItemGroup>
  <ItemGroup>
    <None Include="resources\estudio.ico">
      <Filter>resources\data</Filter>
    </None>
    <None Include="resources\estudio.png">
      <Filter>resources\data</Filter>
    </None>
    <None Include="resources\operator.png">
      <Filter>resources\data</Filter>
    </None>
    <None Include="resources\operator_end.png">
      <Filter>resources\data</Filter>
    </None>
    <None Include="resources\operator_start.png">
      <Filter>resources\data</Filter>
    </None>
    <None Include="resources\pause.png">
      <Filter>resources\data</Filter>
    </None>
    <None Include="resources\play.png">
      <Filter>resources\data</Filter>
    </None>
    <None Include="resources\skip_backward.png">
      <Filter>resources\data</Filter>
    </None>
    <None Include="resources\skip_forward.png">
      <Filter>resources\data</Filter>
    </None>
    <None Include="..\eshared\engine\shaders\utils.ps">
      <Filter>eshared\engine\shaders</Filter>
    </None>
    <None Include="..\eshared\engine\shaders\globals.vs">
      <Filter>eshared\engine\shaders</Filter>
    </None>
    <None Include="..\eshared\engine\shaders\globals.ps">
      <Filter>eshared\engine\shaders</Filter>
    </None>
  </ItemGroup>
  <ItemGroup>
    <CustomBuild Include="gui\addopdlg.hpp">
      <Filter>gui</Filter>
    </CustomBuild>
    <CustomBuild Include="gui\findopdlg.hpp">
      <Filter>gui</Filter>
    </CustomBuild>
    <CustomBuild Include="gui\guioperator.hpp">
      <Filter>gui</Filter>
    </CustomBuild>
    <CustomBuild Include="gui\guioppage.hpp">
      <Filter>gui</Filter>
    </CustomBuild>
    <CustomBuild Include="gui\mainwnd.hpp">
      <Filter>gui</Filter>
    </CustomBuild>
    <CustomBuild Include="gui\pagetree.hpp">
      <Filter>gui</Filter>
    </CustomBuild>
    <CustomBuild Include="gui\pageview.hpp">
      <Filter>gui</Filter>
    </CustomBuild>
    <CustomBuild Include="gui\paramframe.hpp">
      <Filter>gui</Filter>
    </CustomBuild>
    <CustomBuild Include="gui\paramwidgets.hpp">
      <Filter>gui</Filter>
    </CustomBuild>
    <CustomBuild Include="gui\pathview.hpp">
      <Filter>gui</Filter>
    </CustomBuild>
    <CustomBuild Include="gui\renderview.hpp">
      <Filter>gui</Filter>
    </CustomBuild>
    <CustomBuild Include="gui\timelineview.hpp">
      <Filter>gui</Filter>
    </CustomBuild>
    <CustomBuild Include="gui\demoseqview.hpp">
      <Filter>gui</Filter>
    </CustomBuild>
    <CustomBuild Include="gui\trackerseqview.hpp">
      <Filter>gui</Filter>
    </CustomBuild>
    <CustomBuild Include="gui\songlist.hpp">
      <Filter>gui</Filter>
    </CustomBuild>
    <CustomBuild Include="gui\patterneditor.hpp">
      <Filter>gui</Filter>
    </CustomBuild>
    <CustomBuild Include="gui\instrumentlist.hpp">
      <Filter>gui</Filter>
    </CustomBuild>
    <CustomBuild Include="gui\scopesview.hpp">
      <Filter>gui</Filter>
    </CustomBuild>
    <CustomBuild Include="..\tfvst3\vsti\tfsplineeditor.hpp">
      <Filter>gui</Filter>
    </CustomBuild>
    <CustomBuild Include="..\tfvst3\vsti\tfdial.hpp">
      <Filter>gui</Filter>
    </CustomBuild>
  </ItemGroup>
  <ItemGroup>
    <Pixel_shader_compiler Include="..\eshared\engine\shaders\deferred_ambient.ps">
      <Filter>eshared\engine\shaders</Filter>
    </Pixel_shader_compiler>
    <Pixel_shader_compiler Include="..\eshared\engine\shaders\deferred_env.ps">
      <Filter>eshared\engine\shaders</Filter>
    </Pixel_shader_compiler>
    <Pixel_shader_compiler Include="..\eshared\engine\shaders\deferred_geo.ps">
      <Filter>eshared\engine\shaders</Filter>
    </Pixel_shader_compiler>
    <Pixel_shader_compiler Include="..\eshared\engine\shaders\deferred_light.ps">
      <Filter>eshared\engine\shaders</Filter>
    </Pixel_shader_compiler>
    <Pixel_shader_compiler Include="..\eshared\engine\shaders\distance.ps">
      <Filter>eshared\engine\shaders</Filter>
    </Pixel_shader_compiler>
    <Pixel_shader_compiler Include="..\eshared\engine\shaders\forward_light.ps">
      <Filter>eshared\engine\shaders</Filter>
    </Pixel_shader_compiler>
    <Pixel_shader_compiler Include="..\eshared\engine\shaders\fx_adjust.ps">
      <Filter>eshared\engine\shaders</Filter>
    </Pixel_shader_compiler>
    <Pixel_shader_compiler Include="..\eshared\engine\shaders\fx_blur.ps">
      <Filter>eshared\engine\shaders</Filter>
    </Pixel_shader_compiler>
    <Pixel_shader_compiler Include="..\eshared\engine\shaders\fx_colorgrading.ps">
      <Filter>eshared\engine\shaders</Filter>
    </Pixel_shader_compiler>
    <Pixel_shader_compiler Include="..\eshared\engine\shaders\fx_dof.ps">
      <Filter>eshared\engine\shaders</Filter>
    </Pixel_shader_compiler>
    <Pixel_shader_compiler Include="..\eshared\engine\shaders\fx_fog.ps">
      <Filter>eshared\engine\shaders</Filter>
    </Pixel_shader_compiler>
    <Pixel_shader_compiler Include="..\eshared\engine\shaders\fx_fxaa.ps">
      <Filter>eshared\engine\shaders</Filter>
    </Pixel_shader_compiler>
    <Pixel_shader_compiler Include="..\eshared\engine\shaders\fx_merge.ps">
      <Filter>eshared\engine\shaders</Filter>
    </Pixel_shader_compiler>
    <Pixel_shader_compiler Include="..\eshared\engine\shaders\fx_radialblur.ps">
      <Filter>eshared\engine\shaders</Filter>
    </Pixel_shader_compiler>
    <Pixel_shader_compiler Include="..\eshared\engine\shaders\fx_ripple.ps">
      <Filter>eshared\engine\shaders</Filter>
    </Pixel_shader_compiler>
    <Pixel_shader_compiler Include="..\eshared\engine\shaders\fx_ssao.ps">
      <Filter>eshared\engine\shaders</Filter>
    </Pixel_shader_compiler>
    <Pixel_shader_compiler Include="..\eshared\engine\shaders\particles.ps">
      <Filter>eshared\engine\shaders</Filter>
    </Pixel_shader_compiler>
    <Pixel_shader_compiler Include="..\eshared\engine\shaders\quad.ps">
      <Filter>eshared\engine\shaders</Filter>
    </Pixel_shader_compiler>
    <Pixel_shader_compiler Include="..\eshared\engine\shaders\refraction.ps">
      <Filter>eshared\engine\shaders</Filter>
    </Pixel_shader_compiler>
    <Pixel_shader_compiler Include="..\eshared\engine\shaders\shadow.ps">
      <Filter>eshared\engine\shaders</Filter>
    </Pixel_shader_compiler>
    <Pixel_shader_compiler Include="..\eshared\engine\shaders\nolight.ps">
      <Filter>eshared\engine\shaders</Filter>
    </Pixel_shader_compiler>
    <Pixel_shader_compiler Include="..\eshared\engine\shaders\fx_distort.ps">
      <Filter>eshared\engine\shaders</Filter>
    </Pixel_shader_compiler>
  </ItemGroup>
  <ItemGroup>
    <Vertex_shader_compiler Include="..\eshared\engine\shaders\distance.vs">
      <Filter>eshared\engine\shaders</Filter>
    </Vertex_shader_compiler>
    <Vertex_shader_compiler Include="..\eshared\engine\shaders\instanced_geo.vs">
      <Filter>eshared\engine\shaders</Filter>
    </Vertex_shader_compiler>
    <Vertex_shader_compiler Include="..\eshared\engine\shaders\nolight.vs">
      <Filter>eshared\engine\shaders</Filter>
    </Vertex_shader_compiler>
    <Vertex_shader_compiler Include="..\eshared\engine\shaders\particles.vs">
      <Filter>eshared\engine\shaders</Filter>
    </Vertex_shader_compiler>
    <Vertex_shader_compiler Include="..\eshared\engine\shaders\quad.vs">
      <Filter>eshared\engine\shaders</Filter>
    </Vertex_shader_compiler>
    <Vertex_shader_compiler Include="..\eshared\engine\shaders\shadow.vs">
      <Filter>eshared\engine\shaders</Filter>
    </Vertex_shader_compiler>
  </ItemGroup>
</Project>